
Microsoft Visual Studio Solution File, Format Version 12.00
# Visual Studio 15
VisualStudioVersion = 15.0.27703.2035
MinimumVisualStudioVersion = 10.0.40219.1
Project("{9A19103F-16F7-4668-BE54-9A1E7A4F7556}") = "iBookmark.UI", "iBookmark.UI\iBookmark.UI.csproj", "{E54FBFF4-2254-41B3-81B2-F716BA4CF466}"
EndProject
Project("{2150E333-8FDC-42A3-9474-1A3956D46DE8}") = "UI", "UI", "{7C057F80-FD86-4507-8B9C-84FD5A7F88E1}"
EndProject
Project("{2150E333-8FDC-42A3-9474-1A3956D46DE8}") = "iBookmarking", "iBookmarking", "{C71FCC96-B918-4BEC-9430-2F0390706F05}"
EndProject
Project("{9A19103F-16F7-4668-BE54-9A1E7A4F7556}") = "iBookmark.API", "iBookmark.API\iBookmark.API.csproj", "{FCE351D5-5154-421F-9C28-317B7335BA9D}"
EndProject
Project("{FAE04EC0-301F-11D3-BF4B-00C04F79EFBC}") = "iBookmark.Domain", "iBookmark.Model\iBookmark.Domain.csproj", "{EA601F31-4FB0-4805-8B81-4F9048FFE6BE}"
EndProject
Project("{FAE04EC0-301F-11D3-BF4B-00C04F79EFBC}") = "iBookmark.Infrastructure", "iBookmar.Repositories\iBookmark.Infrastructure.csproj", "{C191DC82-442E-4FCE-92D7-F79DF7954949}"
EndProject
Project("{FAE04EC0-301F-11D3-BF4B-00C04F79EFBC}") = "iBookmark.VM", "iBookmark.VM\iBookmark.VM.csproj", "{E7C17942-BCC1-49EF-8B92-F0A6D0D9EAE9}"
EndProject
Project("{FAE04EC0-301F-11D3-BF4B-00C04F79EFBC}") = "iBookmark.Helper", "iBookmark.Helper\iBookmark.Helper.csproj", "{4A4B5095-C2E9-4CF1-8A0A-B8754A5C8FF0}"
EndProject
Global
	GlobalSection(SolutionConfigurationPlatforms) = preSolution
		Debug|Any CPU = Debug|Any CPU
		Release|Any CPU = Release|Any CPU
	EndGlobalSection
	GlobalSection(ProjectConfigurationPlatforms) = postSolution
		{E54FBFF4-2254-41B3-81B2-F716BA4CF466}.Debug|Any CPU.ActiveCfg = Debug|Any CPU
		{E54FBFF4-2254-41B3-81B2-F716BA4CF466}.Debug|Any CPU.Build.0 = Debug|Any CPU
		{E54FBFF4-2254-41B3-81B2-F716BA4CF466}.Release|Any CPU.ActiveCfg = Release|Any CPU
		{E54FBFF4-2254-41B3-81B2-F716BA4CF466}.Release|Any CPU.Build.0 = Release|Any CPU
		{FCE351D5-5154-421F-9C28-317B7335BA9D}.Debug|Any CPU.ActiveCfg = Debug|Any CPU
		{FCE351D5-5154-421F-9C28-317B7335BA9D}.Debug|Any CPU.Build.0 = Debug|Any CPU
		{FCE351D5-5154-421F-9C28-317B7335BA9D}.Release|Any CPU.ActiveCfg = Release|Any CPU
		{FCE351D5-5154-421F-9C28-317B7335BA9D}.Release|Any CPU.Build.0 = Release|Any CPU
		{EA601F31-4FB0-4805-8B81-4F9048FFE6BE}.Debug|Any CPU.ActiveCfg = Debug|Any CPU
		{EA601F31-4FB0-4805-8B81-4F9048FFE6BE}.Debug|Any CPU.Build.0 = Debug|Any CPU
		{EA601F31-4FB0-4805-8B81-4F9048FFE6BE}.Release|Any CPU.ActiveCfg = Release|Any CPU
		{EA601F31-4FB0-4805-8B81-4F9048FFE6BE}.Release|Any CPU.Build.0 = Release|Any CPU
		{C191DC82-442E-4FCE-92D7-F79DF7954949}.Debug|Any CPU.ActiveCfg = Debug|Any CPU
		{C191DC82-442E-4FCE-92D7-F79DF7954949}.Debug|Any CPU.Build.0 = Debug|Any CPU
		{C191DC82-442E-4FCE-92D7-F79DF7954949}.Release|Any CPU.ActiveCfg = Release|Any CPU
		{C191DC82-442E-4FCE-92D7-F79DF7954949}.Release|Any CPU.Build.0 = Release|Any CPU
		{E7C17942-BCC1-49EF-8B92-F0A6D0D9EAE9}.Debug|Any CPU.ActiveCfg = Debug|Any CPU
		{E7C17942-BCC1-49EF-8B92-F0A6D0D9EAE9}.Debug|Any CPU.Build.0 = Debug|Any CPU
		{E7C17942-BCC1-49EF-8B92-F0A6D0D9EAE9}.Release|Any CPU.ActiveCfg = Release|Any CPU
		{E7C17942-BCC1-49EF-8B92-F0A6D0D9EAE9}.Release|Any CPU.Build.0 = Release|Any CPU
		{4A4B5095-C2E9-4CF1-8A0A-B8754A5C8FF0}.Debug|Any CPU.ActiveCfg = Debug|Any CPU
		{4A4B5095-C2E9-4CF1-8A0A-B8754A5C8FF0}.Debug|Any CPU.Build.0 = Debug|Any CPU
		{4A4B5095-C2E9-4CF1-8A0A-B8754A5C8FF0}.Release|Any CPU.ActiveCfg = Release|Any CPU
		{4A4B5095-C2E9-4CF1-8A0A-B8754A5C8FF0}.Release|Any CPU.Build.0 = Release|Any CPU
	EndGlobalSection
	GlobalSection(SolutionProperties) = preSolution
		HideSolutionNode = FALSE
	EndGlobalSection
	GlobalSection(NestedProjects) = preSolution
		{E54FBFF4-2254-41B3-81B2-F716BA4CF466} = {7C057F80-FD86-4507-8B9C-84FD5A7F88E1}
		{FCE351D5-5154-421F-9C28-317B7335BA9D} = {C71FCC96-B918-4BEC-9430-2F0390706F05}
		{EA601F31-4FB0-4805-8B81-4F9048FFE6BE} = {C71FCC96-B918-4BEC-9430-2F0390706F05}
		{C191DC82-442E-4FCE-92D7-F79DF7954949} = {C71FCC96-B918-4BEC-9430-2F0390706F05}
		{E7C17942-BCC1-49EF-8B92-F0A6D0D9EAE9} = {7C057F80-FD86-4507-8B9C-84FD5A7F88E1}
		{4A4B5095-C2E9-4CF1-8A0A-B8754A5C8FF0} = {C71FCC96-B918-4BEC-9430-2F0390706F05}
	EndGlobalSection
	GlobalSection(ExtensibilityGlobals) = postSolution
		SolutionGuid = {E4AB88D5-5185-4D18-B476-4120401917BB}
	EndGlobalSection
EndGlobal
